{
  "requires": true,
  "lockfileVersion": 1,
  "dependencies": {
    "mdbootstrap": {
      "version": "4.5.13",
      "resolved": "https://registry.npmjs.org/mdbootstrap/-/mdbootstrap-4.5.13.tgz",
      "integrity": "sha512-GyviJ/l5ncGlXBHFGQi94LBL/66jU+eHySxMk11dwZmvYvB3T3Ykg44iUScipDkUXaPS1RPLyjiHAqsqu5JUCw=="
    }
  }
}
